// !$*UTF8*$!
{
	archiveVersion = 1;
	classes = {
	};
	objectVersion = 50;
	objects = {

/* Begin PBXBuildFile section */
		4AF78C57241D3C4300763A09 /* AppDelegate.swift in Sources */ = {isa = PBXBuildFile; fileRef = 4AF78C56241D3C4300763A09 /* AppDelegate.swift */; };
		4AF78C59241D3C4300763A09 /* SceneDelegate.swift in Sources */ = {isa = PBXBuildFile; fileRef = 4AF78C58241D3C4300763A09 /* SceneDelegate.swift */; };
		4AF78C5E241D3C4300763A09 /* Main.storyboard in Resources */ = {isa = PBXBuildFile; fileRef = 4AF78C5C241D3C4300763A09 /* Main.storyboard */; };
		4AF78C60241D3C4400763A09 /* Assets.xcassets in Resources */ = {isa = PBXBuildFile; fileRef = 4AF78C5F241D3C4400763A09 /* Assets.xcassets */; };
		4AF78C63241D3C4400763A09 /* LaunchScreen.storyboard in Resources */ = {isa = PBXBuildFile; fileRef = 4AF78C61241D3C4400763A09 /* LaunchScreen.storyboard */; };
		4AF78C6C241D3C6600763A09 /* PrincipalViewController.swift in Sources */ = {isa = PBXBuildFile; fileRef = 4AF78C6B241D3C6600763A09 /* PrincipalViewController.swift */; };
		4AF78C6E241D3CA200763A09 /* Constante.swift in Sources */ = {isa = PBXBuildFile; fileRef = 4AF78C6D241D3CA200763A09 /* Constante.swift */; };
		4AF78C70241D3CD100763A09 /* UIView+Extension.swift in Sources */ = {isa = PBXBuildFile; fileRef = 4AF78C6F241D3CD100763A09 /* UIView+Extension.swift */; };
		4AF78C88241D6FC400763A09 /* SelectEssayVC.swift in Sources */ = {isa = PBXBuildFile; fileRef = 4AF78C87241D6FC400763A09 /* SelectEssayVC.swift */; };
		4AF78C8D241D78FB00763A09 /* EssayListVC.swift in Sources */ = {isa = PBXBuildFile; fileRef = 4AF78C8C241D78FB00763A09 /* EssayListVC.swift */; };
/* End PBXBuildFile section */

/* Begin PBXFileReference section */
		4AF78C53241D3C4300763A09 /* ComentariiBAC.app */ = {isa = PBXFileReference; explicitFileType = wrapper.application; includeInIndex = 0; path = ComentariiBAC.app; sourceTree = BUILT_PRODUCTS_DIR; };
		4AF78C56241D3C4300763A09 /* AppDelegate.swift */ = {isa = PBXFileReference; lastKnownFileType = sourcecode.swift; path = AppDelegate.swift; sourceTree = "<group>"; };
		4AF78C58241D3C4300763A09 /* SceneDelegate.swift */ = {isa = PBXFileReference; lastKnownFileType = sourcecode.swift; path = SceneDelegate.swift; sourceTree = "<group>"; };
		4AF78C5D241D3C4300763A09 /* Base */ = {isa = PBXFileReference; lastKnownFileType = file.storyboard; name = Base; path = Base.lproj/Main.storyboard; sourceTree = "<group>"; };
		4AF78C5F241D3C4400763A09 /* Assets.xcassets */ = {isa = PBXFileReference; lastKnownFileType = folder.assetcatalog; path = Assets.xcassets; sourceTree = "<group>"; };
		4AF78C62241D3C4400763A09 /* Base */ = {isa = PBXFileReference; lastKnownFileType = file.storyboard; name = Base; path = Base.lproj/LaunchScreen.storyboard; sourceTree = "<group>"; };
		4AF78C64241D3C4400763A09 /* Info.plist */ = {isa = PBXFileReference; lastKnownFileType = text.plist.xml; path = Info.plist; sourceTree = "<group>"; };
		4AF78C6B241D3C6600763A09 /* PrincipalViewController.swift */ = {isa = PBXFileReference; lastKnownFileType = sourcecode.swift; path = PrincipalViewController.swift; sourceTree = "<group>"; };
		4AF78C6D241D3CA200763A09 /* Constante.swift */ = {isa = PBXFileReference; lastKnownFileType = sourcecode.swift; path = Constante.swift; sourceTree = "<group>"; };
		4AF78C6F241D3CD100763A09 /* UIView+Extension.swift */ = {isa = PBXFileReference; lastKnownFileType = sourcecode.swift; path = "UIView+Extension.swift"; sourceTree = "<group>"; };
		4AF78C87241D6FC400763A09 /* SelectEssayVC.swift */ = {isa = PBXFileReference; lastKnownFileType = sourcecode.swift; path = SelectEssayVC.swift; sourceTree = "<group>"; };
		4AF78C8C241D78FB00763A09 /* EssayListVC.swift */ = {isa = PBXFileReference; lastKnownFileType = sourcecode.swift; path = EssayListVC.swift; sourceTree = "<group>"; };
/* End PBXFileReference section */

/* Begin PBXFrameworksBuildPhase section */
		4AF78C50241D3C4300763A09 /* Frameworks */ = {
			isa = PBXFrameworksBuildPhase;
			buildActionMask = 2147483647;
			files = (
			);
			runOnlyForDeploymentPostprocessing = 0;
		};
/* End PBXFrameworksBuildPhase section */

/* Begin PBXGroup section */
		4AF78C4A241D3C4300763A09 = {
			isa = PBXGroup;
			children = (
				4AF78C55241D3C4300763A09 /* ComentariiBAC */,
				4AF78C54241D3C4300763A09 /* Products */,
			);
			sourceTree = "<group>";
		};
		4AF78C54241D3C4300763A09 /* Products */ = {
			isa = PBXGroup;
			children = (
				4AF78C53241D3C4300763A09 /* ComentariiBAC.app */,
			);
			name = Products;
			sourceTree = "<group>";
		};
		4AF78C55241D3C4300763A09 /* ComentariiBAC */ = {
			isa = PBXGroup;
			children = (
				4AF78C8A241D76DF00763A09 /* Helpers */,
				4AF78C89241D763B00763A09 /* Supporting Files */,
				4AF78C6A241D3C5100763A09 /* Controllers */,
				4AF78C56241D3C4300763A09 /* AppDelegate.swift */,
				4AF78C58241D3C4300763A09 /* SceneDelegate.swift */,
				4AF78C5C241D3C4300763A09 /* Main.storyboard */,
				4AF78C64241D3C4400763A09 /* Info.plist */,
			);
			path = ComentariiBAC;
			sourceTree = "<group>";
		};
		4AF78C6A241D3C5100763A09 /* Controllers */ = {
			isa = PBXGroup;
			children = (
				4AF78C6B241D3C6600763A09 /* PrincipalViewController.swift */,
				4AF78C87241D6FC400763A09 /* SelectEssayVC.swift */,
				4AF78C8C241D78FB00763A09 /* EssayListVC.swift */,
			);
			path = Controllers;
			sourceTree = "<group>";
		};
		4AF78C89241D763B00763A09 /* Supporting Files */ = {
			isa = PBXGroup;
			children = (
				4AF78C5F241D3C4400763A09 /* Assets.xcassets */,
				4AF78C61241D3C4400763A09 /* LaunchScreen.storyboard */,
			);
			path = "Supporting Files";
			sourceTree = "<group>";
		};
		4AF78C8A241D76DF00763A09 /* Helpers */ = {
			isa = PBXGroup;
			children = (
				4AF78C6D241D3CA200763A09 /* Constante.swift */,
				4AF78C8B241D76E900763A09 /* Extensions */,
			);
			path = Helpers;
			sourceTree = "<group>";
		};
		4AF78C8B241D76E900763A09 /* Extensions */ = {
			isa = PBXGroup;
			children = (
				4AF78C6F241D3CD100763A09 /* UIView+Extension.swift */,
			);
			path = Extensions;
			sourceTree = "<group>";
		};
/* End PBXGroup section */

/* Begin PBXNativeTarget section */
		4AF78C52241D3C4300763A09 /* ComentariiBAC */ = {
			isa = PBXNativeTarget;
			buildConfigurationList = 4AF78C67241D3C4400763A09 /* Build configuration list for PBXNativeTarget "ComentariiBAC" */;
			buildPhases = (
				4AF78C4F241D3C4300763A09 /* Sources */,
				4AF78C50241D3C4300763A09 /* Frameworks */,
				4AF78C51241D3C4300763A09 /* Resources */,
			);
			buildRules = (
			);
			dependencies = (
			);
			name = ComentariiBAC;
			productName = ComentariiBAC;
			productReference = 4AF78C53241D3C4300763A09 /* ComentariiBAC.app */;
			productType = "com.apple.product-type.application";
		};
/* End PBXNativeTarget section */

/* Begin PBXProject section */
		4AF78C4B241D3C4300763A09 /* Project object */ = {
			isa = PBXProject;
			attributes = {
				LastSwiftUpdateCheck = 1130;
				LastUpgradeCheck = 1130;
				ORGANIZATIONNAME = "Radu Alexandra";
				TargetAttributes = {
					4AF78C52241D3C4300763A09 = {
						CreatedOnToolsVersion = 11.3;
					};
				};
			};
			buildConfigurationList = 4AF78C4E241D3C4300763A09 /* Build configuration list for PBXProject "ComentariiBAC" */;
			compatibilityVersion = "Xcode 9.3";
			developmentRegion = en;
			hasScannedForEncodings = 0;
			knownRegions = (
				en,
				Base,
			);
			mainGroup = 4AF78C4A241D3C4300763A09;
			productRefGroup = 4AF78C54241D3C4300763A09 /* Products */;
			projectDirPath = "";
			projectRoot = "";
			targets = (
				4AF78C52241D3C4300763A09 /* ComentariiBAC */,
			);
		};
/* End PBXProject section */

/* Begin PBXResourcesBuildPhase section */
		4AF78C51241D3C4300763A09 /* Resources */ = {
			isa = PBXResourcesBuildPhase;
			buildActionMask = 2147483647;
			files = (
				4AF78C63241D3C4400763A09 /* LaunchScreen.storyboard in Resources */,
				4AF78C60241D3C4400763A09 /* Assets.xcassets in Resources */,
				4AF78C5E241D3C4300763A09 /* Main.storyboard in Resources */,
			);
			runOnlyForDeploymentPostprocessing = 0;
		};
/* End PBXResourcesBuildPhase section */

/* Begin PBXSourcesBuildPhase section */
		4AF78C4F241D3C4300763A09 /* Sources */ = {
			isa = PBXSourcesBuildPhase;
			buildActionMask = 2147483647;
			files = (
				4AF78C6C241D3C6600763A09 /* PrincipalViewController.swift in Sources */,
				4AF78C8D241D78FB00763A09 /* EssayListVC.swift in Sources */,
				4AF78C6E241D3CA200763A09 /* Constante.swift in Sources */,
				4AF78C57241D3C4300763A09 /* AppDelegate.swift in Sources */,
				4AF78C70241D3CD100763A09 /* UIView+Extension.swift in Sources */,
				4AF78C88241D6FC400763A09 /* SelectEssayVC.swift in Sources */,
				4AF78C59241D3C4300763A09 /* SceneDelegate.swift in Sources */,
			);
			runOnlyForDeploymentPostprocessing = 0;
		};
/* End PBXSourcesBuildPhase section */

/* Begin PBXVariantGroup section */
		4AF78C5C241D3C4300763A09 /* Main.storyboard */ = {
			isa = PBXVariantGroup;
			children = (
				4AF78C5D241D3C4300763A09 /* Base */,
			);
			name = Main.storyboard;
			sourceTree = "<group>";
		};
		4AF78C61241D3C4400763A09 /* LaunchScreen.storyboard */ = {
			isa = PBXVariantGroup;
			children = (
				4AF78C62241D3C4400763A09 /* Base */,
			);
			name = LaunchScreen.storyboard;
			sourceTree = "<group>";
		};
/* End PBXVariantGroup section */

/* Begin XCBuildConfiguration section */
		4AF78C65241D3C4400763A09 /* Debug */ = {
			isa = XCBuildConfiguration;
			buildSettings = {
				ALWAYS_SEARCH_USER_PATHS = NO;
				CLANG_ANALYZER_NONNULL = YES;
				CLANG_ANALYZER_NUMBER_OBJECT_CONVERSION = YES_AGGRESSIVE;
				CLANG_CXX_LANGUAGE_STANDARD = "gnu++14";
				CLANG_CXX_LIBRARY = "libc++";
				CLANG_ENABLE_MODULES = YES;
				CLANG_ENABLE_OBJC_ARC = YES;
				CLANG_ENABLE_OBJC_WEAK = YES;
				CLANG_WARN_BLOCK_CAPTURE_AUTORELEASING = YES;
				CLANG_WARN_BOOL_CONVERSION = YES;
				CLANG_WARN_COMMA = YES;
				CLANG_WARN_CONSTANT_CONVERSION = YES;
				CLANG_WARN_DEPRECATED_OBJC_IMPLEMENTATIONS = YES;
				CLANG_WARN_DIRECT_OBJC_ISA_USAGE = YES_ERROR;
				CLANG_WARN_DOCUMENTATION_COMMENTS = YES;
				CLANG_WARN_EMPTY_BODY = YES;
				CLANG_WARN_ENUM_CONVERSION = YES;
				CLANG_WARN_INFINITE_RECURSION = YES;
				CLANG_WARN_INT_CONVERSION = YES;
				CLANG_WARN_NON_LITERAL_NULL_CONVERSION = YES;
				CLANG_WARN_OBJC_IMPLICIT_RETAIN_SELF = YES;
				CLANG_WARN_OBJC_LITERAL_CONVERSION = YES;
				CLANG_WARN_OBJC_ROOT_CLASS = YES_ERROR;
				CLANG_WARN_RANGE_LOOP_ANALYSIS = YES;
				CLANG_WARN_STRICT_PROTOTYPES = YES;
				CLANG_WARN_SUSPICIOUS_MOVE = YES;
				CLANG_WARN_UNGUARDED_AVAILABILITY = YES_AGGRESSIVE;
				CLANG_WARN_UNREACHABLE_CODE = YES;
				CLANG_WARN__DUPLICATE_METHOD_MATCH = YES;
				COPY_PHASE_STRIP = NO;
				DEBUG_INFORMATION_FORMAT = dwarf;
				ENABLE_STRICT_OBJC_MSGSEND = YES;
				ENABLE_TESTABILITY = YES;
				GCC_C_LANGUAGE_STANDARD = gnu11;
				GCC_DYNAMIC_NO_PIC = NO;
				GCC_NO_COMMON_BLOCKS = YES;
				GCC_OPTIMIZATION_LEVEL = 0;
				GCC_PREPROCESSOR_DEFINITIONS = (
					"DEBUG=1",
					"$(inherited)",
				);
				GCC_WARN_64_TO_32_BIT_CONVERSION = YES;
				GCC_WARN_ABOUT_RETURN_TYPE = YES_ERROR;
				GCC_WARN_UNDECLARED_SELECTOR = YES;
				GCC_WARN_UNINITIALIZED_AUTOS = YES_AGGRESSIVE;
				GCC_WARN_UNUSED_FUNCTION = YES;
				GCC_WARN_UNUSED_VARIABLE = YES;
				IPHONEOS_DEPLOYMENT_TARGET = 13.2;
				MTL_ENABLE_DEBUG_INFO = INCLUDE_SOURCE;
				MTL_FAST_MATH = YES;
				ONLY_ACTIVE_ARCH = YES;
				SDKROOT = iphoneos;
				SWIFT_ACTIVE_COMPILATION_CONDITIONS = DEBUG;
				SWIFT_OPTIMIZATION_LEVEL = "-Onone";
			};
			name = Debug;
		};
		4AF78C66241D3C4400763A09 /* Release */ = {
			isa = XCBuildConfiguration;
			buildSettings = {
				ALWAYS_SEARCH_USER_PATHS = NO;
				CLANG_ANALYZER_NONNULL = YES;
				CLANG_ANALYZER_NUMBER_OBJECT_CONVERSION = YES_AGGRESSIVE;
				CLANG_CXX_LANGUAGE_STANDARD = "gnu++14";
				CLANG_CXX_LIBRARY = "libc++";
				CLANG_ENABLE_MODULES = YES;
				CLANG_ENABLE_OBJC_ARC = YES;
				CLANG_ENABLE_OBJC_WEAK = YES;
				CLANG_WARN_BLOCK_CAPTURE_AUTORELEASING = YES;
				CLANG_WARN_BOOL_CONVERSION = YES;
				CLANG_WARN_COMMA = YES;
				CLANG_WARN_CONSTANT_CONVERSION = YES;
				CLANG_WARN_DEPRECATED_OBJC_IMPLEMENTATIONS = YES;
				CLANG_WARN_DIRECT_OBJC_ISA_USAGE = YES_ERROR;
				CLANG_WARN_DOCUMENTATION_COMMENTS = YES;
				CLANG_WARN_EMPTY_BODY = YES;
				CLANG_WARN_ENUM_CONVERSION = YES;
				CLANG_WARN_INFINITE_RECURSION = YES;
				CLANG_WARN_INT_CONVERSION = YES;
				CLANG_WARN_NON_LITERAL_NULL_CONVERSION = YES;
				CLANG_WARN_OBJC_IMPLICIT_RETAIN_SELF = YES;
				CLANG_WARN_OBJC_LITERAL_CONVERSION = YES;
				CLANG_WARN_OBJC_ROOT_CLASS = YES_ERROR;
				CLANG_WARN_RANGE_LOOP_ANALYSIS = YES;
				CLANG_WARN_STRICT_PROTOTYPES = YES;
				CLANG_WARN_SUSPICIOUS_MOVE = YES;
				CLANG_WARN_UNGUARDED_AVAILABILITY = YES_AGGRESSIVE;
				CLANG_WARN_UNREACHABLE_CODE = YES;
				CLANG_WARN__DUPLICATE_METHOD_MATCH = YES;
				COPY_PHASE_STRIP = NO;
				DEBUG_INFORMATION_FORMAT = "dwarf-with-dsym";
				ENABLE_NS_ASSERTIONS = NO;
				ENABLE_STRICT_OBJC_MSGSEND = YES;
				GCC_C_LANGUAGE_STANDARD = gnu11;
				GCC_NO_COMMON_BLOCKS = YES;
				GCC_WARN_64_TO_32_BIT_CONVERSION = YES;
				GCC_WARN_ABOUT_RETURN_TYPE = YES_ERROR;
				GCC_WARN_UNDECLARED_SELECTOR = YES;
				GCC_WARN_UNINITIALIZED_AUTOS = YES_AGGRESSIVE;
				GCC_WARN_UNUSED_FUNCTION = YES;
				GCC_WARN_UNUSED_VARIABLE = YES;
				IPHONEOS_DEPLOYMENT_TARGET = 13.2;
				MTL_ENABLE_DEBUG_INFO = NO;
				MTL_FAST_MATH = YES;
				SDKROOT = iphoneos;
				SWIFT_COMPILATION_MODE = wholemodule;
				SWIFT_OPTIMIZATION_LEVEL = "-O";
				VALIDATE_PRODUCT = YES;
			};
			name = Release;
		};
		4AF78C68241D3C4400763A09 /* Debug */ = {
			isa = XCBuildConfiguration;
			buildSettings = {
				ASSETCATALOG_COMPILER_APPICON_NAME = AppIcon;
				CODE_SIGN_STYLE = Automatic;
				DEVELOPMENT_TEAM = SC9A7NY2DK;
				INFOPLIST_FILE = ComentariiBAC/Info.plist;
				IPHONEOS_DEPLOYMENT_TARGET = 9.0;
				LD_RUNPATH_SEARCH_PATHS = (
					"$(inherited)",
					"@executable_path/Frameworks",
				);
				PRODUCT_BUNDLE_IDENTIFIER = madalina.ComentariiBAC;
				PRODUCT_NAME = "$(TARGET_NAME)";
				SWIFT_VERSION = 5.0;
				TARGETED_DEVICE_FAMILY = 1;
			};
			name = Debug;
		};
		4AF78C69241D3C4400763A09 /* Release */ = {
			isa = XCBuildConfiguration;
			buildSettings = {
				ASSETCATALOG_COMPILER_APPICON_NAME = AppIcon;
				CODE_SIGN_STYLE = Automatic;
				DEVELOPMENT_TEAM = SC9A7NY2DK;
				INFOPLIST_FILE = ComentariiBAC/Info.plist;
				IPHONEOS_DEPLOYMENT_TARGET = 9.0;
				LD_RUNPATH_SEARCH_PATHS = (
					"$(inherited)",
					"@executable_path/Frameworks",
				);
				PRODUCT_BUNDLE_IDENTIFIER = madalina.ComentariiBAC;
				PRODUCT_NAME = "$(TARGET_NAME)";
				SWIFT_VERSION = 5.0;
				TARGETED_DEVICE_FAMILY = 1;
			};
			name = Release;
		};
/* End XCBuildConfiguration section */

/* Begin XCConfigurationList section */
		4AF78C4E241D3C4300763A09 /* Build configuration list for PBXProject "ComentariiBAC" */ = {
			isa = XCConfigurationList;
			buildConfigurations = (
				4AF78C65241D3C4400763A09 /* Debug */,
				4AF78C66241D3C4400763A09 /* Release */,
			);
			defaultConfigurationIsVisible = 0;
			defaultConfigurationName = Release;
		};
		4AF78C67241D3C4400763A09 /* Build configuration list for PBXNativeTarget "ComentariiBAC" */ = {
			isa = XCConfigurationList;
			buildConfigurations = (
				4AF78C68241D3C4400763A09 /* Debug */,
				4AF78C69241D3C4400763A09 /* Release */,
			);
			defaultConfigurationIsVisible = 0;
			defaultConfigurationName = Release;
		};
/* End XCConfigurationList section */
	};
	rootObject = 4AF78C4B241D3C4300763A09 /* Project object */;
}
